<?xml version="1.0" encoding="utf-8"?>
<Project ToolsVersion="4.0" xmlns="http://schemas.microsoft.com/developer/msbuild/2003">
  <ItemGroup>
    <Filter Include="Source Files">
      <UniqueIdentifier>{815f4f29-517d-421f-a4a6-2497d59529a5}</UniqueIdentifier>
      <Extensions>cpp;c;cxx;def;odl;idl;hpj;bat;asm</Extensions>
    </Filter>
    <Filter Include="Header Files">
      <UniqueIdentifier>{1880ab7a-f7d8-4735-8c54-5f4696e5bfff}</UniqueIdentifier>
      <Extensions>h;hpp;hxx;hm;inl;inc</Extensions>
    </Filter>
    <Filter Include="Resource Files">
      <UniqueIdentifier>{4e2401a6-3390-4a6b-b66e-49aca3cfa52b}</UniqueIdentifier>
      <Extensions>rc;ico;cur;bmp;dlg;rc2;rct;bin;rgs;gif;jpg;jpeg;jpe</Extensions>
    </Filter>
  </ItemGroup>
  <ItemGroup>
    <ClCompile Include="Background.cpp">
      <Filter>Source Files</Filter>
    </ClCompile>
    <ClCompile Include="Bitmap.cpp">
      <Filter>Source Files</Filter>
    </ClCompile>
    <ClCompile Include="GameEngine.cpp">
      <Filter>Source Files</Filter>
    </ClCompile>
    <ClCompile Include="SpaceOut.cpp">
      <Filter>Source Files</Filter>
    </ClCompile>
    <ClCompile Include="Sprite.cpp">
      <Filter>Source Files</Filter>
    </ClCompile>
    <ClCompile Include="Stair.cpp">
      <Filter>Source Files</Filter>
    </ClCompile>
    <ClCompile Include="Platform.cpp">
      <Filter>Source Files</Filter>
    </ClCompile>
    <ClCompile Include="AlienSprite.cpp">
      <Filter>Source Files</Filter>
    </ClCompile>
  </ItemGroup>
  <ItemGroup>
    <ClInclude Include="Background.h">
      <Filter>Header Files</Filter>
    </ClInclude>
    <ClInclude Include="Bitmap.h">
      <Filter>Header Files</Filter>
    </ClInclude>
    <ClInclude Include="GameEngine.h">
      <Filter>Header Files</Filter>
    </ClInclude>
    <ClInclude Include="Resource.h">
      <Filter>Header Files</Filter>
    </ClInclude>
    <ClInclude Include="SpaceOut.h">
      <Filter>Header Files</Filter>
    </ClInclude>
    <ClInclude Include="Sprite.h">
      <Filter>Header Files</Filter>
    </ClInclude>
    <ClInclude Include="Stair.h">
      <Filter>Header Files</Filter>
    </ClInclude>
    <ClInclude Include="Platform.h">
      <Filter>Header Files</Filter>
    </ClInclude>
    <ClInclude Include="AlienSprite.h">
      <Filter>Header Files</Filter>
    </ClInclude>
  </ItemGroup>
  <ItemGroup>
    <Image Include="SpaceOut.ico">
      <Filter>Resource Files</Filter>
    </Image>
    <Image Include="SpaceOut_sm.ico">
      <Filter>Resource Files</Filter>
    </Image>
  </ItemGroup>
  <ItemGroup>
    <ResourceCompile Include="SpaceOut.rc">
      <Filter>Resource Files</Filter>
    </ResourceCompile>
  </ItemGroup>
</Project>